
Microsoft Visual Studio Solution File, Format Version 12.00
# Visual Studio Version 16
VisualStudioVersion = 16.0.30223.230
MinimumVisualStudioVersion = 10.0.40219.1
Project("{FAE04EC0-301F-11D3-BF4B-00C04F79EFBC}") = "SearchForStringList", "SearchForStringList\SearchForStringList.csproj", "{EC378A8C-6DA6-4467-B8EA-990150FB15FB}"
EndProject
Global
	GlobalSection(SolutionConfigurationPlatforms) = preSolution
		Debug|Any CPU = Debug|Any CPU
		Release|Any CPU = Release|Any CPU
	EndGlobalSection
	GlobalSection(ProjectConfigurationPlatforms) = postSolution
		{EC378A8C-6DA6-4467-B8EA-990150FB15FB}.Debug|Any CPU.ActiveCfg = Debug|Any CPU
		{EC378A8C-6DA6-4467-B8EA-990150FB15FB}.Debug|Any CPU.Build.0 = Debug|Any CPU
		{EC378A8C-6DA6-4467-B8EA-990150FB15FB}.Release|Any CPU.ActiveCfg = Release|Any CPU
		{EC378A8C-6DA6-4467-B8EA-990150FB15FB}.Release|Any CPU.Build.0 = Release|Any CPU
	EndGlobalSection
	GlobalSection(SolutionProperties) = preSolution
		HideSolutionNode = FALSE
	EndGlobalSection
	GlobalSection(ExtensibilityGlobals) = postSolution
		SolutionGuid = {F2415D89-786A-4471-B690-B8136B30686C}
	EndGlobalSection
EndGlobal
